{
  "nodes": {
    "irmaseal-src": {
      "flake": false,
      "locked": {
        "lastModified": 1627548173,
        "narHash": "sha256-wvdoFxcAQIgNMvap+fGHAs6caphj+LbTVUCdE5/gbZs=",
        "owner": "Wassasin",
        "repo": "irmaseal",
        "rev": "3aaec4e4018d356850b0469df6aeb5765f3756df",
        "type": "github"
      },
      "original": {
        "owner": "Wassasin",
        "repo": "irmaseal",
        "type": "github"
      }
    },
    "nixos-shell": {
      "inputs": {
        "nixpkgs": "nixpkgs"
      },
      "locked": {
        "lastModified": 1629580199,
        "narHash": "sha256-WswB4zHj2uxNYPXQik9pQDrWBu9q1DRmlg6nXzjB2lo=",
        "owner": "mic92",
        "repo": "nixos-shell",
        "rev": "f006b39a15add7d1d2503377ff394160452359e4",
        "type": "github"
      },
      "original": {
        "owner": "mic92",
        "repo": "nixos-shell",
        "type": "github"
      }
    },
    "nixpkgs": {
      "locked": {
        "lastModified": 1628465643,
        "narHash": "sha256-QSNw9bDq9uGUniQQtakRuw4m21Jxugm23SXLVgEV4DM=",
        "owner": "NixOS",
        "repo": "nixpkgs",
        "rev": "6ef4f522d63f22b40004319778761040d3197390",
        "type": "github"
      },
      "original": {
        "id": "nixpkgs",
        "ref": "nixos-unstable",
        "type": "indirect"
      }
    },
    "nixpkgs_2": {
      "locked": {
        "lastModified": 1630424636,
        "narHash": "sha256-TKzxyJ1r5zflL0yewsA3tHq/2A64eNm5hkgO/nhwbFg=",
        "owner": "nixos",
        "repo": "nixpkgs",
        "rev": "4b7e51865e44d3afc564e3a3111af12be1003251",
        "type": "github"
      },
      "original": {
        "owner": "nixos",
        "ref": "nixos-21.05",
        "repo": "nixpkgs",
        "type": "github"
      }
    },
    "root": {
      "inputs": {
        "irmaseal-src": "irmaseal-src",
        "nixos-shell": "nixos-shell",
        "nixpkgs": "nixpkgs_2"
      }
    }
  },
  "root": "root",
  "version": 7
}
